
Microsoft Visual Studio Solution File, Format Version 12.00
# Visual Studio Version 17
VisualStudioVersion = 17.4.33103.184
MinimumVisualStudioVersion = 10.0.40219.1
Project("{FAE04EC0-301F-11D3-BF4B-00C04F79EFBC}") = "FilmesAPI", "FilmesAPI\FilmesAPI.csproj", "{FD183554-ABE8-4B10-9DA0-C6DB51FA9532}"
EndProject
Global
	GlobalSection(SolutionConfigurationPlatforms) = preSolution
		Debug|Any CPU = Debug|Any CPU
		Release|Any CPU = Release|Any CPU
	EndGlobalSection
	GlobalSection(ProjectConfigurationPlatforms) = postSolution
		{FD183554-ABE8-4B10-9DA0-C6DB51FA9532}.Debug|Any CPU.ActiveCfg = Debug|Any CPU
		{FD183554-ABE8-4B10-9DA0-C6DB51FA9532}.Debug|Any CPU.Build.0 = Debug|Any CPU
		{FD183554-ABE8-4B10-9DA0-C6DB51FA9532}.Release|Any CPU.ActiveCfg = Release|Any CPU
		{FD183554-ABE8-4B10-9DA0-C6DB51FA9532}.Release|Any CPU.Build.0 = Release|Any CPU
	EndGlobalSection
	GlobalSection(SolutionProperties) = preSolution
		HideSolutionNode = FALSE
	EndGlobalSection
	GlobalSection(ExtensibilityGlobals) = postSolution
		SolutionGuid = {B7C09005-2A13-4C33-ADF9-6F8B92FC890E}
	EndGlobalSection
EndGlobal
